{
  "name": "cephalopov",
  "version": "0.0.3",
  "lockfileVersion": 1,
  "requires": true,
  "dependencies": {
    "ansi-colors": {
      "version": "3.2.4",
      "resolved": "https://registry.npmjs.org/ansi-colors/-/ansi-colors-3.2.4.tgz",
      "integrity": "sha512-hHUXGagefjN2iRrID63xckIvotOXOojhQKWIPUZ4mNUZ9nLZW+7FMNoE1lOkEhNWYsx/7ysGIuJYCiMAA9FnrA=="
    },
    "minicle": {
      "version": "1.0.6",
      "resolved": "https://registry.npmjs.org/minicle/-/minicle-1.0.6.tgz",
      "integrity": "sha512-ngL85PhWFQpmYYoW+lxP9ZIlNiDq6eomzkgxvC4BYlEw2Kyz4J8F07EdA8HmGYpwN2Do09o8dRNnY7c8faWDsw==",
      "requires": {
        "ansi-colors": "^3.2.4"
      }
    },
    "minicle-usage": {
      "version": "0.0.1",
      "resolved": "https://registry.npmjs.org/minicle-usage/-/minicle-usage-0.0.1.tgz",
      "integrity": "sha512-rd44K1OrYifSnk4UJHZKb94C1dHtKk54dhEuhePsxwqfWAcnvaHPo2AgkCAvaW5ik0EsIwpcgE/QoL1XGVILfw==",
      "requires": {
        "ansi-colors": "^3.2.4"
      }
    },
    "word-wrap": {
      "version": "1.2.3",
      "resolved": "https://registry.npmjs.org/word-wrap/-/word-wrap-1.2.3.tgz",
      "integrity": "sha512-Hz/mrNwitNRh/HUAtM/VT/5VH+ygD6DV7mYKZAtHOrbs8U7lvPS6xf7EJKMF0uW1KJCl0H701g3ZGus+muE5vQ=="
    }
  }
}
